Microsoft Visual Studio Solution File, Format Version 7.00
Project("{8BC9CEB8-8B4A-11D0-8D11-00A0C91BC942}") = "Orionviewer", "..\orionviewer\Orionviewer.vcproj", "{63F46114-D327-4543-920F-9AFEDCE9D711}"
EndProject
Project("{8BC9CEB8-8B4A-11D0-8D11-00A0C91BC942}") = "alphapipeline_test", "alphapipeline_test\alphapipeline_test.vcproj", "{21446163-5279-4AF2-A423-6F16B3DFCE16}"
EndProject
Project("{8BC9CEB8-8B4A-11D0-8D11-00A0C91BC942}") = "animation_test", "animation_test\animation_test.vcproj", "{39CA0661-DDC7-4AE4-BBDC-9618BB9FB811}"
EndProject
Project("{8BC9CEB8-8B4A-11D0-8D11-00A0C91BC942}") = "cloth_test", "cloth_test\cloth_test.vcproj", "{56D0AF69-08A6-48B2-BE9F-FC548AB7122F}"
EndProject
Project("{8BC9CEB8-8B4A-11D0-8D11-00A0C91BC942}") = "collision_test", "collision_test\collision_test.vcproj", "{E07FCF67-67E6-4821-B099-32F14FA35F58}"
EndProject
Project("{8BC9CEB8-8B4A-11D0-8D11-00A0C91BC942}") = "font_test", "font_test\font_test.vcproj", "{82992D88-4F6D-4123-A328-1D6B0C0DBBC3}"
EndProject
Project("{8BC9CEB8-8B4A-11D0-8D11-00A0C91BC942}") = "glut_test", "glut_test\glut_test.vcproj", "{92D98B09-241E-4F80-AB54-F10078AB2FE2}"
EndProject
Project("{8BC9CEB8-8B4A-11D0-8D11-00A0C91BC942}") = "gtk_test", "gtk_test\gtk_test.vcproj", "{8F9EC19B-1E97-43B7-B01E-8FCBDE9224E0}"
EndProject
Project("{8BC9CEB8-8B4A-11D0-8D11-00A0C91BC942}") = "joint_test", "joint_test\joint_test.vcproj", "{035C2B14-DD01-4142-BD9E-E43E8DDD4187}"
EndProject
Project("{8BC9CEB8-8B4A-11D0-8D11-00A0C91BC942}") = "lua_test", "lua_test\lua_test.vcproj", "{0182C615-2B0A-4ADC-8C48-7BCF7D840B62}"
EndProject
Project("{8BC9CEB8-8B4A-11D0-8D11-00A0C91BC942}") = "maths_test", "maths_test\maths_test.vcproj", "{90E9200D-5811-4821-B7FE-D6D9835D99B6}"
EndProject
Project("{8BC9CEB8-8B4A-11D0-8D11-00A0C91BC942}") = "mathsurf_test", "mathsurf_test\mathsurf_test.vcproj", "{1F85D44D-27A5-48D1-AEBF-C7BE15D7615B}"
EndProject
Project("{8BC9CEB8-8B4A-11D0-8D11-00A0C91BC942}") = "metaballs_test", "metaballs_test\metaballs_test.vcproj", "{7FFB788C-F308-4090-A25A-3F6140E3E626}"
EndProject
Project("{8BC9CEB8-8B4A-11D0-8D11-00A0C91BC942}") = "orion3d", "..\orion3d\orion3d.vcproj", "{FC295D4B-59E6-42E6-8EC7-F476A1AAB51D}"
EndProject
Project("{8BC9CEB8-8B4A-11D0-8D11-00A0C91BC942}") = "orion3d_maths", "..\orion3d\orion3d_maths\orion3d_maths.vcproj", "{A98644D9-8470-46F3-918B-D4AD2B49A944}"
EndProject
Project("{8BC9CEB8-8B4A-11D0-8D11-00A0C91BC942}") = "particles_test", "particles_test\particles_test.vcproj", "{08052171-C569-4A34-98F0-47764387388C}"
EndProject
Project("{8BC9CEB8-8B4A-11D0-8D11-00A0C91BC942}") = "shell_test", "shell_test\shell_test.vcproj", "{99A5287C-92A1-4097-A8B0-9661734E548A}"
EndProject
Project("{8BC9CEB8-8B4A-11D0-8D11-00A0C91BC942}") = "skin_test", "skin_test\skin_test.vcproj", "{935BA351-FD92-4BB6-82CE-019CA1DFD3B3}"
EndProject
Project("{8BC9CEB8-8B4A-11D0-8D11-00A0C91BC942}") = "string_test", "string_test\string_test.vcproj", "{DA8C2417-6CAD-4308-A517-276E759A35A2}"
EndProject
Project("{8BC9CEB8-8B4A-11D0-8D11-00A0C91BC942}") = "toolkit", "..\orion3d\toolkit\toolkit.vcproj", "{57EFA84F-6423-4ECD-A374-A111D589F3EB}"
EndProject
Project("{8BC9CEB8-8B4A-11D0-8D11-00A0C91BC942}") = "win32_test", "win32_test\win32_test.vcproj", "{94B9DA19-F704-4702-B2B7-1F6845B10508}"
EndProject
Project("{8BC9CEB8-8B4A-11D0-8D11-00A0C91BC942}") = "wrapper_font", "..\ORION3D\wrapper_font\wrapper_font.vcproj", "{E04342BB-B6C9-4036-B9BD-ABC81B2782F8}"
EndProject
Project("{8BC9CEB8-8B4A-11D0-8D11-00A0C91BC942}") = "wrapper_glut", "..\orion3d\wrapper_glut\wrapper_glut.vcproj", "{35807139-52B9-43C3-B757-1AF81D880751}"
EndProject
Project("{8BC9CEB8-8B4A-11D0-8D11-00A0C91BC942}") = "wrapper_gtk", "..\orion3d\wrapper_gtk\wrapper_gtk.vcproj", "{F741A5B7-7F89-43AB-B14F-D0CF8FAF9200}"
EndProject
Project("{8BC9CEB8-8B4A-11D0-8D11-00A0C91BC942}") = "wrapper_lua", "..\orion3d\wrapper_lua\wrapper_lua.vcproj", "{048E15CC-C26A-4751-BF84-E3701D182D29}"
EndProject
Project("{8BC9CEB8-8B4A-11D0-8D11-00A0C91BC942}") = "wrapper_win32", "..\orion3d\wrapper_win32\wrapper_win32.vcproj", "{A2A0F66F-0AD5-4ED6-A02E-BAB3CD8E9308}"
EndProject
Project("{8BC9CEB8-8B4A-11D0-8D11-00A0C91BC942}") = "wrapper_fmod", "..\orion3d\wrapper_fmod\wrapper_fmod.vcproj", "{1BD8B09E-5D04-4440-82D2-A2EE5EBCAB7E}"
EndProject
Project("{8BC9CEB8-8B4A-11D0-8D11-00A0C91BC942}") = "metamesh_test", "metamesh_test\metamesh_test.vcproj", "{A746A5CC-7A76-4233-9133-3FC343538621}"
EndProject
Global
	GlobalSection(SolutionConfiguration) = preSolution
		ConfigName.0 = Debug
		ConfigName.1 = Debug Glut
		ConfigName.2 = Release
		ConfigName.3 = Release Glut
	EndGlobalSection
	GlobalSection(ProjectDependencies) = postSolution
		{63F46114-D327-4543-920F-9AFEDCE9D711}.0 = {57EFA84F-6423-4ECD-A374-A111D589F3EB}
		{63F46114-D327-4543-920F-9AFEDCE9D711}.1 = {FC295D4B-59E6-42E6-8EC7-F476A1AAB51D}
		{63F46114-D327-4543-920F-9AFEDCE9D711}.2 = {35807139-52B9-43C3-B757-1AF81D880751}
		{21446163-5279-4AF2-A423-6F16B3DFCE16}.0 = {A2A0F66F-0AD5-4ED6-A02E-BAB3CD8E9308}
		{21446163-5279-4AF2-A423-6F16B3DFCE16}.1 = {57EFA84F-6423-4ECD-A374-A111D589F3EB}
		{21446163-5279-4AF2-A423-6F16B3DFCE16}.2 = {FC295D4B-59E6-42E6-8EC7-F476A1AAB51D}
		{39CA0661-DDC7-4AE4-BBDC-9618BB9FB811}.0 = {A2A0F66F-0AD5-4ED6-A02E-BAB3CD8E9308}
		{39CA0661-DDC7-4AE4-BBDC-9618BB9FB811}.1 = {57EFA84F-6423-4ECD-A374-A111D589F3EB}
		{39CA0661-DDC7-4AE4-BBDC-9618BB9FB811}.2 = {FC295D4B-59E6-42E6-8EC7-F476A1AAB51D}
		{56D0AF69-08A6-48B2-BE9F-FC548AB7122F}.0 = {A2A0F66F-0AD5-4ED6-A02E-BAB3CD8E9308}
		{56D0AF69-08A6-48B2-BE9F-FC548AB7122F}.1 = {57EFA84F-6423-4ECD-A374-A111D589F3EB}
		{56D0AF69-08A6-48B2-BE9F-FC548AB7122F}.2 = {FC295D4B-59E6-42E6-8EC7-F476A1AAB51D}
		{E07FCF67-67E6-4821-B099-32F14FA35F58}.0 = {A2A0F66F-0AD5-4ED6-A02E-BAB3CD8E9308}
		{E07FCF67-67E6-4821-B099-32F14FA35F58}.1 = {57EFA84F-6423-4ECD-A374-A111D589F3EB}
		{E07FCF67-67E6-4821-B099-32F14FA35F58}.2 = {FC295D4B-59E6-42E6-8EC7-F476A1AAB51D}
		{82992D88-4F6D-4123-A328-1D6B0C0DBBC3}.0 = {A2A0F66F-0AD5-4ED6-A02E-BAB3CD8E9308}
		{82992D88-4F6D-4123-A328-1D6B0C0DBBC3}.1 = {E04342BB-B6C9-4036-B9BD-ABC81B2782F8}
		{82992D88-4F6D-4123-A328-1D6B0C0DBBC3}.2 = {57EFA84F-6423-4ECD-A374-A111D589F3EB}
		{82992D88-4F6D-4123-A328-1D6B0C0DBBC3}.3 = {FC295D4B-59E6-42E6-8EC7-F476A1AAB51D}
		{92D98B09-241E-4F80-AB54-F10078AB2FE2}.0 = {35807139-52B9-43C3-B757-1AF81D880751}
		{92D98B09-241E-4F80-AB54-F10078AB2FE2}.1 = {57EFA84F-6423-4ECD-A374-A111D589F3EB}
		{92D98B09-241E-4F80-AB54-F10078AB2FE2}.2 = {FC295D4B-59E6-42E6-8EC7-F476A1AAB51D}
		{8F9EC19B-1E97-43B7-B01E-8FCBDE9224E0}.0 = {F741A5B7-7F89-43AB-B14F-D0CF8FAF9200}
		{8F9EC19B-1E97-43B7-B01E-8FCBDE9224E0}.1 = {57EFA84F-6423-4ECD-A374-A111D589F3EB}
		{8F9EC19B-1E97-43B7-B01E-8FCBDE9224E0}.2 = {FC295D4B-59E6-42E6-8EC7-F476A1AAB51D}
		{035C2B14-DD01-4142-BD9E-E43E8DDD4187}.0 = {A2A0F66F-0AD5-4ED6-A02E-BAB3CD8E9308}
		{035C2B14-DD01-4142-BD9E-E43E8DDD4187}.1 = {57EFA84F-6423-4ECD-A374-A111D589F3EB}
		{035C2B14-DD01-4142-BD9E-E43E8DDD4187}.2 = {FC295D4B-59E6-42E6-8EC7-F476A1AAB51D}
		{0182C615-2B0A-4ADC-8C48-7BCF7D840B62}.0 = {A2A0F66F-0AD5-4ED6-A02E-BAB3CD8E9308}
		{0182C615-2B0A-4ADC-8C48-7BCF7D840B62}.1 = {048E15CC-C26A-4751-BF84-E3701D182D29}
		{0182C615-2B0A-4ADC-8C48-7BCF7D840B62}.2 = {57EFA84F-6423-4ECD-A374-A111D589F3EB}
		{0182C615-2B0A-4ADC-8C48-7BCF7D840B62}.3 = {FC295D4B-59E6-42E6-8EC7-F476A1AAB51D}
		{90E9200D-5811-4821-B7FE-D6D9835D99B6}.0 = {35807139-52B9-43C3-B757-1AF81D880751}
		{90E9200D-5811-4821-B7FE-D6D9835D99B6}.1 = {57EFA84F-6423-4ECD-A374-A111D589F3EB}
		{90E9200D-5811-4821-B7FE-D6D9835D99B6}.2 = {FC295D4B-59E6-42E6-8EC7-F476A1AAB51D}
		{1F85D44D-27A5-48D1-AEBF-C7BE15D7615B}.0 = {A2A0F66F-0AD5-4ED6-A02E-BAB3CD8E9308}
		{1F85D44D-27A5-48D1-AEBF-C7BE15D7615B}.1 = {57EFA84F-6423-4ECD-A374-A111D589F3EB}
		{1F85D44D-27A5-48D1-AEBF-C7BE15D7615B}.2 = {FC295D4B-59E6-42E6-8EC7-F476A1AAB51D}
		{7FFB788C-F308-4090-A25A-3F6140E3E626}.0 = {57EFA84F-6423-4ECD-A374-A111D589F3EB}
		{7FFB788C-F308-4090-A25A-3F6140E3E626}.1 = {A2A0F66F-0AD5-4ED6-A02E-BAB3CD8E9308}
		{FC295D4B-59E6-42E6-8EC7-F476A1AAB51D}.0 = {048E15CC-C26A-4751-BF84-E3701D182D29}
		{FC295D4B-59E6-42E6-8EC7-F476A1AAB51D}.1 = {A98644D9-8470-46F3-918B-D4AD2B49A944}
		{08052171-C569-4A34-98F0-47764387388C}.0 = {A2A0F66F-0AD5-4ED6-A02E-BAB3CD8E9308}
		{08052171-C569-4A34-98F0-47764387388C}.1 = {57EFA84F-6423-4ECD-A374-A111D589F3EB}
		{08052171-C569-4A34-98F0-47764387388C}.2 = {FC295D4B-59E6-42E6-8EC7-F476A1AAB51D}
		{99A5287C-92A1-4097-A8B0-9661734E548A}.0 = {A2A0F66F-0AD5-4ED6-A02E-BAB3CD8E9308}
		{99A5287C-92A1-4097-A8B0-9661734E548A}.1 = {048E15CC-C26A-4751-BF84-E3701D182D29}
		{99A5287C-92A1-4097-A8B0-9661734E548A}.2 = {57EFA84F-6423-4ECD-A374-A111D589F3EB}
		{99A5287C-92A1-4097-A8B0-9661734E548A}.3 = {FC295D4B-59E6-42E6-8EC7-F476A1AAB51D}
		{935BA351-FD92-4BB6-82CE-019CA1DFD3B3}.0 = {A2A0F66F-0AD5-4ED6-A02E-BAB3CD8E9308}
		{935BA351-FD92-4BB6-82CE-019CA1DFD3B3}.1 = {57EFA84F-6423-4ECD-A374-A111D589F3EB}
		{935BA351-FD92-4BB6-82CE-019CA1DFD3B3}.2 = {FC295D4B-59E6-42E6-8EC7-F476A1AAB51D}
		{DA8C2417-6CAD-4308-A517-276E759A35A2}.0 = {FC295D4B-59E6-42E6-8EC7-F476A1AAB51D}
		{57EFA84F-6423-4ECD-A374-A111D589F3EB}.0 = {E04342BB-B6C9-4036-B9BD-ABC81B2782F8}
		{94B9DA19-F704-4702-B2B7-1F6845B10508}.0 = {A2A0F66F-0AD5-4ED6-A02E-BAB3CD8E9308}
		{94B9DA19-F704-4702-B2B7-1F6845B10508}.1 = {57EFA84F-6423-4ECD-A374-A111D589F3EB}
		{94B9DA19-F704-4702-B2B7-1F6845B10508}.2 = {FC295D4B-59E6-42E6-8EC7-F476A1AAB51D}
		{E04342BB-B6C9-4036-B9BD-ABC81B2782F8}.0 = {FC295D4B-59E6-42E6-8EC7-F476A1AAB51D}
		{35807139-52B9-43C3-B757-1AF81D880751}.0 = {FC295D4B-59E6-42E6-8EC7-F476A1AAB51D}
		{F741A5B7-7F89-43AB-B14F-D0CF8FAF9200}.0 = {FC295D4B-59E6-42E6-8EC7-F476A1AAB51D}
		{A2A0F66F-0AD5-4ED6-A02E-BAB3CD8E9308}.0 = {FC295D4B-59E6-42E6-8EC7-F476A1AAB51D}
		{A746A5CC-7A76-4233-9133-3FC343538621}.0 = {57EFA84F-6423-4ECD-A374-A111D589F3EB}
		{A746A5CC-7A76-4233-9133-3FC343538621}.1 = {A2A0F66F-0AD5-4ED6-A02E-BAB3CD8E9308}
	EndGlobalSection
	GlobalSection(ProjectConfiguration) = postSolution
		{63F46114-D327-4543-920F-9AFEDCE9D711}.Debug.ActiveCfg = Debug Glut|Win32
		{63F46114-D327-4543-920F-9AFEDCE9D711}.Debug.Build.0 = Debug Glut|Win32
		{63F46114-D327-4543-920F-9AFEDCE9D711}.Debug Glut.ActiveCfg = Debug Glut|Win32
		{63F46114-D327-4543-920F-9AFEDCE9D711}.Debug Glut.Build.0 = Debug Glut|Win32
		{63F46114-D327-4543-920F-9AFEDCE9D711}.Release.ActiveCfg = Release Glut|Win32
		{63F46114-D327-4543-920F-9AFEDCE9D711}.Release.Build.0 = Release Glut|Win32
		{63F46114-D327-4543-920F-9AFEDCE9D711}.Release Glut.ActiveCfg = Release Glut|Win32
		{63F46114-D327-4543-920F-9AFEDCE9D711}.Release Glut.Build.0 = Release Glut|Win32
		{21446163-5279-4AF2-A423-6F16B3DFCE16}.Debug.ActiveCfg = Debug|Win32
		{21446163-5279-4AF2-A423-6F16B3DFCE16}.Debug.Build.0 = Debug|Win32
		{21446163-5279-4AF2-A423-6F16B3DFCE16}.Debug Glut.ActiveCfg = Debug|Win32
		{21446163-5279-4AF2-A423-6F16B3DFCE16}.Debug Glut.Build.0 = Debug|Win32
		{21446163-5279-4AF2-A423-6F16B3DFCE16}.Release.ActiveCfg = Release|Win32
		{21446163-5279-4AF2-A423-6F16B3DFCE16}.Release.Build.0 = Release|Win32
		{21446163-5279-4AF2-A423-6F16B3DFCE16}.Release Glut.ActiveCfg = Release|Win32
		{21446163-5279-4AF2-A423-6F16B3DFCE16}.Release Glut.Build.0 = Release|Win32
		{39CA0661-DDC7-4AE4-BBDC-9618BB9FB811}.Debug.ActiveCfg = Debug|Win32
		{39CA0661-DDC7-4AE4-BBDC-9618BB9FB811}.Debug.Build.0 = Debug|Win32
		{39CA0661-DDC7-4AE4-BBDC-9618BB9FB811}.Debug Glut.ActiveCfg = Debug|Win32
		{39CA0661-DDC7-4AE4-BBDC-9618BB9FB811}.Debug Glut.Build.0 = Debug|Win32
		{39CA0661-DDC7-4AE4-BBDC-9618BB9FB811}.Release.ActiveCfg = Release|Win32
		{39CA0661-DDC7-4AE4-BBDC-9618BB9FB811}.Release.Build.0 = Release|Win32
		{39CA0661-DDC7-4AE4-BBDC-9618BB9FB811}.Release Glut.ActiveCfg = Release|Win32
		{39CA0661-DDC7-4AE4-BBDC-9618BB9FB811}.Release Glut.Build.0 = Release|Win32
		{56D0AF69-08A6-48B2-BE9F-FC548AB7122F}.Debug.ActiveCfg = Debug|Win32
		{56D0AF69-08A6-48B2-BE9F-FC548AB7122F}.Debug.Build.0 = Debug|Win32
		{56D0AF69-08A6-48B2-BE9F-FC548AB7122F}.Debug Glut.ActiveCfg = Debug|Win32
		{56D0AF69-08A6-48B2-BE9F-FC548AB7122F}.Debug Glut.Build.0 = Debug|Win32
		{56D0AF69-08A6-48B2-BE9F-FC548AB7122F}.Release.ActiveCfg = Release|Win32
		{56D0AF69-08A6-48B2-BE9F-FC548AB7122F}.Release.Build.0 = Release|Win32
		{56D0AF69-08A6-48B2-BE9F-FC548AB7122F}.Release Glut.ActiveCfg = Release|Win32
		{56D0AF69-08A6-48B2-BE9F-FC548AB7122F}.Release Glut.Build.0 = Release|Win32
		{E07FCF67-67E6-4821-B099-32F14FA35F58}.Debug.ActiveCfg = Debug|Win32
		{E07FCF67-67E6-4821-B099-32F14FA35F58}.Debug.Build.0 = Debug|Win32
		{E07FCF67-67E6-4821-B099-32F14FA35F58}.Debug Glut.ActiveCfg = Debug|Win32
		{E07FCF67-67E6-4821-B099-32F14FA35F58}.Debug Glut.Build.0 = Debug|Win32
		{E07FCF67-67E6-4821-B099-32F14FA35F58}.Release.ActiveCfg = Release|Win32
		{E07FCF67-67E6-4821-B099-32F14FA35F58}.Release.Build.0 = Release|Win32
		{E07FCF67-67E6-4821-B099-32F14FA35F58}.Release Glut.ActiveCfg = Release|Win32
		{E07FCF67-67E6-4821-B099-32F14FA35F58}.Release Glut.Build.0 = Release|Win32
		{82992D88-4F6D-4123-A328-1D6B0C0DBBC3}.Debug.ActiveCfg = Debug|Win32
		{82992D88-4F6D-4123-A328-1D6B0C0DBBC3}.Debug.Build.0 = Debug|Win32
		{82992D88-4F6D-4123-A328-1D6B0C0DBBC3}.Debug Glut.ActiveCfg = Debug|Win32
		{82992D88-4F6D-4123-A328-1D6B0C0DBBC3}.Debug Glut.Build.0 = Debug|Win32
		{82992D88-4F6D-4123-A328-1D6B0C0DBBC3}.Release.ActiveCfg = Release|Win32
		{82992D88-4F6D-4123-A328-1D6B0C0DBBC3}.Release.Build.0 = Release|Win32
		{82992D88-4F6D-4123-A328-1D6B0C0DBBC3}.Release Glut.ActiveCfg = Release|Win32
		{82992D88-4F6D-4123-A328-1D6B0C0DBBC3}.Release Glut.Build.0 = Release|Win32
		{92D98B09-241E-4F80-AB54-F10078AB2FE2}.Debug.ActiveCfg = Debug|Win32
		{92D98B09-241E-4F80-AB54-F10078AB2FE2}.Debug.Build.0 = Debug|Win32
		{92D98B09-241E-4F80-AB54-F10078AB2FE2}.Debug Glut.ActiveCfg = Debug|Win32
		{92D98B09-241E-4F80-AB54-F10078AB2FE2}.Debug Glut.Build.0 = Debug|Win32
		{92D98B09-241E-4F80-AB54-F10078AB2FE2}.Release.ActiveCfg = Release|Win32
		{92D98B09-241E-4F80-AB54-F10078AB2FE2}.Release.Build.0 = Release|Win32
		{92D98B09-241E-4F80-AB54-F10078AB2FE2}.Release Glut.ActiveCfg = Release|Win32
		{92D98B09-241E-4F80-AB54-F10078AB2FE2}.Release Glut.Build.0 = Release|Win32
		{8F9EC19B-1E97-43B7-B01E-8FCBDE9224E0}.Debug.ActiveCfg = Debug|Win32
		{8F9EC19B-1E97-43B7-B01E-8FCBDE9224E0}.Debug.Build.0 = Debug|Win32
		{8F9EC19B-1E97-43B7-B01E-8FCBDE9224E0}.Debug Glut.ActiveCfg = Debug|Win32
		{8F9EC19B-1E97-43B7-B01E-8FCBDE9224E0}.Debug Glut.Build.0 = Debug|Win32
		{8F9EC19B-1E97-43B7-B01E-8FCBDE9224E0}.Release.ActiveCfg = Release|Win32
		{8F9EC19B-1E97-43B7-B01E-8FCBDE9224E0}.Release.Build.0 = Release|Win32
		{8F9EC19B-1E97-43B7-B01E-8FCBDE9224E0}.Release Glut.ActiveCfg = Release|Win32
		{8F9EC19B-1E97-43B7-B01E-8FCBDE9224E0}.Release Glut.Build.0 = Release|Win32
		{035C2B14-DD01-4142-BD9E-E43E8DDD4187}.Debug.ActiveCfg = Debug|Win32
		{035C2B14-DD01-4142-BD9E-E43E8DDD4187}.Debug.Build.0 = Debug|Win32
		{035C2B14-DD01-4142-BD9E-E43E8DDD4187}.Debug Glut.ActiveCfg = Debug|Win32
		{035C2B14-DD01-4142-BD9E-E43E8DDD4187}.Debug Glut.Build.0 = Debug|Win32
		{035C2B14-DD01-4142-BD9E-E43E8DDD4187}.Release.ActiveCfg = Release|Win32
		{035C2B14-DD01-4142-BD9E-E43E8DDD4187}.Release.Build.0 = Release|Win32
		{035C2B14-DD01-4142-BD9E-E43E8DDD4187}.Release Glut.ActiveCfg = Release|Win32
		{035C2B14-DD01-4142-BD9E-E43E8DDD4187}.Release Glut.Build.0 = Release|Win32
		{0182C615-2B0A-4ADC-8C48-7BCF7D840B62}.Debug.ActiveCfg = Debug|Win32
		{0182C615-2B0A-4ADC-8C48-7BCF7D840B62}.Debug.Build.0 = Debug|Win32
		{0182C615-2B0A-4ADC-8C48-7BCF7D840B62}.Debug Glut.ActiveCfg = Debug|Win32
		{0182C615-2B0A-4ADC-8C48-7BCF7D840B62}.Debug Glut.Build.0 = Debug|Win32
		{0182C615-2B0A-4ADC-8C48-7BCF7D840B62}.Release.ActiveCfg = Release|Win32
		{0182C615-2B0A-4ADC-8C48-7BCF7D840B62}.Release.Build.0 = Release|Win32
		{0182C615-2B0A-4ADC-8C48-7BCF7D840B62}.Release Glut.ActiveCfg = Release|Win32
		{0182C615-2B0A-4ADC-8C48-7BCF7D840B62}.Release Glut.Build.0 = Release|Win32
		{90E9200D-5811-4821-B7FE-D6D9835D99B6}.Debug.ActiveCfg = Debug|Win32
		{90E9200D-5811-4821-B7FE-D6D9835D99B6}.Debug.Build.0 = Debug|Win32
		{90E9200D-5811-4821-B7FE-D6D9835D99B6}.Debug Glut.ActiveCfg = Debug|Win32
		{90E9200D-5811-4821-B7FE-D6D9835D99B6}.Debug Glut.Build.0 = Debug|Win32
		{90E9200D-5811-4821-B7FE-D6D9835D99B6}.Release.ActiveCfg = Release|Win32
		{90E9200D-5811-4821-B7FE-D6D9835D99B6}.Release.Build.0 = Release|Win32
		{90E9200D-5811-4821-B7FE-D6D9835D99B6}.Release Glut.ActiveCfg = Release|Win32
		{90E9200D-5811-4821-B7FE-D6D9835D99B6}.Release Glut.Build.0 = Release|Win32
		{1F85D44D-27A5-48D1-AEBF-C7BE15D7615B}.Debug.ActiveCfg = Debug|Win32
		{1F85D44D-27A5-48D1-AEBF-C7BE15D7615B}.Debug.Build.0 = Debug|Win32
		{1F85D44D-27A5-48D1-AEBF-C7BE15D7615B}.Debug Glut.ActiveCfg = Debug|Win32
		{1F85D44D-27A5-48D1-AEBF-C7BE15D7615B}.Debug Glut.Build.0 = Debug|Win32
		{1F85D44D-27A5-48D1-AEBF-C7BE15D7615B}.Release.ActiveCfg = Release|Win32
		{1F85D44D-27A5-48D1-AEBF-C7BE15D7615B}.Release.Build.0 = Release|Win32
		{1F85D44D-27A5-48D1-AEBF-C7BE15D7615B}.Release Glut.ActiveCfg = Release|Win32
		{1F85D44D-27A5-48D1-AEBF-C7BE15D7615B}.Release Glut.Build.0 = Release|Win32
		{7FFB788C-F308-4090-A25A-3F6140E3E626}.Debug.ActiveCfg = Debug|Win32
		{7FFB788C-F308-4090-A25A-3F6140E3E626}.Debug.Build.0 = Debug|Win32
		{7FFB788C-F308-4090-A25A-3F6140E3E626}.Debug Glut.ActiveCfg = Debug|Win32
		{7FFB788C-F308-4090-A25A-3F6140E3E626}.Debug Glut.Build.0 = Debug|Win32
		{7FFB788C-F308-4090-A25A-3F6140E3E626}.Release.ActiveCfg = Release|Win32
		{7FFB788C-F308-4090-A25A-3F6140E3E626}.Release.Build.0 = Release|Win32
		{7FFB788C-F308-4090-A25A-3F6140E3E626}.Release Glut.ActiveCfg = Release|Win32
		{7FFB788C-F308-4090-A25A-3F6140E3E626}.Release Glut.Build.0 = Release|Win32
		{FC295D4B-59E6-42E6-8EC7-F476A1AAB51D}.Debug.ActiveCfg = Debug|Win32
		{FC295D4B-59E6-42E6-8EC7-F476A1AAB51D}.Debug.Build.0 = Debug|Win32
		{FC295D4B-59E6-42E6-8EC7-F476A1AAB51D}.Debug Glut.ActiveCfg = Debug|Win32
		{FC295D4B-59E6-42E6-8EC7-F476A1AAB51D}.Debug Glut.Build.0 = Debug|Win32
		{FC295D4B-59E6-42E6-8EC7-F476A1AAB51D}.Release.ActiveCfg = Release|Win32
		{FC295D4B-59E6-42E6-8EC7-F476A1AAB51D}.Release.Build.0 = Release|Win32
		{FC295D4B-59E6-42E6-8EC7-F476A1AAB51D}.Release Glut.ActiveCfg = Release|Win32
		{FC295D4B-59E6-42E6-8EC7-F476A1AAB51D}.Release Glut.Build.0 = Release|Win32
		{A98644D9-8470-46F3-918B-D4AD2B49A944}.Debug.ActiveCfg = Debug|Win32
		{A98644D9-8470-46F3-918B-D4AD2B49A944}.Debug.Build.0 = Debug|Win32
		{A98644D9-8470-46F3-918B-D4AD2B49A944}.Debug Glut.ActiveCfg = Debug|Win32
		{A98644D9-8470-46F3-918B-D4AD2B49A944}.Debug Glut.Build.0 = Debug|Win32
		{A98644D9-8470-46F3-918B-D4AD2B49A944}.Release.ActiveCfg = Release|Win32
		{A98644D9-8470-46F3-918B-D4AD2B49A944}.Release.Build.0 = Release|Win32
		{A98644D9-8470-46F3-918B-D4AD2B49A944}.Release Glut.ActiveCfg = Release|Win32
		{A98644D9-8470-46F3-918B-D4AD2B49A944}.Release Glut.Build.0 = Release|Win32
		{08052171-C569-4A34-98F0-47764387388C}.Debug.ActiveCfg = Debug|Win32
		{08052171-C569-4A34-98F0-47764387388C}.Debug.Build.0 = Debug|Win32
		{08052171-C569-4A34-98F0-47764387388C}.Debug Glut.ActiveCfg = Debug|Win32
		{08052171-C569-4A34-98F0-47764387388C}.Debug Glut.Build.0 = Debug|Win32
		{08052171-C569-4A34-98F0-47764387388C}.Release.ActiveCfg = Release|Win32
		{08052171-C569-4A34-98F0-47764387388C}.Release.Build.0 = Release|Win32
		{08052171-C569-4A34-98F0-47764387388C}.Release Glut.ActiveCfg = Release|Win32
		{08052171-C569-4A34-98F0-47764387388C}.Release Glut.Build.0 = Release|Win32
		{99A5287C-92A1-4097-A8B0-9661734E548A}.Debug.ActiveCfg = Debug|Win32
		{99A5287C-92A1-4097-A8B0-9661734E548A}.Debug.Build.0 = Debug|Win32
		{99A5287C-92A1-4097-A8B0-9661734E548A}.Debug Glut.ActiveCfg = Debug|Win32
		{99A5287C-92A1-4097-A8B0-9661734E548A}.Debug Glut.Build.0 = Debug|Win32
		{99A5287C-92A1-4097-A8B0-9661734E548A}.Release.ActiveCfg = Release|Win32
		{99A5287C-92A1-4097-A8B0-9661734E548A}.Release.Build.0 = Release|Win32
		{99A5287C-92A1-4097-A8B0-9661734E548A}.Release Glut.ActiveCfg = Release|Win32
		{99A5287C-92A1-4097-A8B0-9661734E548A}.Release Glut.Build.0 = Release|Win32
		{935BA351-FD92-4BB6-82CE-019CA1DFD3B3}.Debug.ActiveCfg = Debug|Win32
		{935BA351-FD92-4BB6-82CE-019CA1DFD3B3}.Debug.Build.0 = Debug|Win32
		{935BA351-FD92-4BB6-82CE-019CA1DFD3B3}.Debug Glut.ActiveCfg = Debug|Win32
		{935BA351-FD92-4BB6-82CE-019CA1DFD3B3}.Debug Glut.Build.0 = Debug|Win32
		{935BA351-FD92-4BB6-82CE-019CA1DFD3B3}.Release.ActiveCfg = Release|Win32
		{935BA351-FD92-4BB6-82CE-019CA1DFD3B3}.Release.Build.0 = Release|Win32
		{935BA351-FD92-4BB6-82CE-019CA1DFD3B3}.Release Glut.ActiveCfg = Release|Win32
		{935BA351-FD92-4BB6-82CE-019CA1DFD3B3}.Release Glut.Build.0 = Release|Win32
		{DA8C2417-6CAD-4308-A517-276E759A35A2}.Debug.ActiveCfg = Debug|Win32
		{DA8C2417-6CAD-4308-A517-276E759A35A2}.Debug.Build.0 = Debug|Win32
		{DA8C2417-6CAD-4308-A517-276E759A35A2}.Debug Glut.ActiveCfg = Debug|Win32
		{DA8C2417-6CAD-4308-A517-276E759A35A2}.Debug Glut.Build.0 = Debug|Win32
		{DA8C2417-6CAD-4308-A517-276E759A35A2}.Release.ActiveCfg = Release|Win32
		{DA8C2417-6CAD-4308-A517-276E759A35A2}.Release.Build.0 = Release|Win32
		{DA8C2417-6CAD-4308-A517-276E759A35A2}.Release Glut.ActiveCfg = Release|Win32
		{DA8C2417-6CAD-4308-A517-276E759A35A2}.Release Glut.Build.0 = Release|Win32
		{57EFA84F-6423-4ECD-A374-A111D589F3EB}.Debug.ActiveCfg = Debug|Win32
		{57EFA84F-6423-4ECD-A374-A111D589F3EB}.Debug.Build.0 = Debug|Win32
		{57EFA84F-6423-4ECD-A374-A111D589F3EB}.Debug Glut.ActiveCfg = Debug|Win32
		{57EFA84F-6423-4ECD-A374-A111D589F3EB}.Debug Glut.Build.0 = Debug|Win32
		{57EFA84F-6423-4ECD-A374-A111D589F3EB}.Release.ActiveCfg = Release|Win32
		{57EFA84F-6423-4ECD-A374-A111D589F3EB}.Release.Build.0 = Release|Win32
		{57EFA84F-6423-4ECD-A374-A111D589F3EB}.Release Glut.ActiveCfg = Release|Win32
		{57EFA84F-6423-4ECD-A374-A111D589F3EB}.Release Glut.Build.0 = Release|Win32
		{94B9DA19-F704-4702-B2B7-1F6845B10508}.Debug.ActiveCfg = Debug|Win32
		{94B9DA19-F704-4702-B2B7-1F6845B10508}.Debug.Build.0 = Debug|Win32
		{94B9DA19-F704-4702-B2B7-1F6845B10508}.Debug Glut.ActiveCfg = Debug|Win32
		{94B9DA19-F704-4702-B2B7-1F6845B10508}.Debug Glut.Build.0 = Debug|Win32
		{94B9DA19-F704-4702-B2B7-1F6845B10508}.Release.ActiveCfg = Release|Win32
		{94B9DA19-F704-4702-B2B7-1F6845B10508}.Release.Build.0 = Release|Win32
		{94B9DA19-F704-4702-B2B7-1F6845B10508}.Release Glut.ActiveCfg = Release|Win32
		{94B9DA19-F704-4702-B2B7-1F6845B10508}.Release Glut.Build.0 = Release|Win32
		{E04342BB-B6C9-4036-B9BD-ABC81B2782F8}.Debug.ActiveCfg = Debug|Win32
		{E04342BB-B6C9-4036-B9BD-ABC81B2782F8}.Debug.Build.0 = Debug|Win32
		{E04342BB-B6C9-4036-B9BD-ABC81B2782F8}.Debug Glut.ActiveCfg = Debug|Win32
		{E04342BB-B6C9-4036-B9BD-ABC81B2782F8}.Debug Glut.Build.0 = Debug|Win32
		{E04342BB-B6C9-4036-B9BD-ABC81B2782F8}.Release.ActiveCfg = Release|Win32
		{E04342BB-B6C9-4036-B9BD-ABC81B2782F8}.Release.Build.0 = Release|Win32
		{E04342BB-B6C9-4036-B9BD-ABC81B2782F8}.Release Glut.ActiveCfg = Release|Win32
		{E04342BB-B6C9-4036-B9BD-ABC81B2782F8}.Release Glut.Build.0 = Release|Win32
		{35807139-52B9-43C3-B757-1AF81D880751}.Debug.ActiveCfg = Debug|Win32
		{35807139-52B9-43C3-B757-1AF81D880751}.Debug.Build.0 = Debug|Win32
		{35807139-52B9-43C3-B757-1AF81D880751}.Debug Glut.ActiveCfg = Debug|Win32
		{35807139-52B9-43C3-B757-1AF81D880751}.Debug Glut.Build.0 = Debug|Win32
		{35807139-52B9-43C3-B757-1AF81D880751}.Release.ActiveCfg = Release|Win32
		{35807139-52B9-43C3-B757-1AF81D880751}.Release.Build.0 = Release|Win32
		{35807139-52B9-43C3-B757-1AF81D880751}.Release Glut.ActiveCfg = Release|Win32
		{35807139-52B9-43C3-B757-1AF81D880751}.Release Glut.Build.0 = Release|Win32
		{F741A5B7-7F89-43AB-B14F-D0CF8FAF9200}.Debug.ActiveCfg = Debug|Win32
		{F741A5B7-7F89-43AB-B14F-D0CF8FAF9200}.Debug.Build.0 = Debug|Win32
		{F741A5B7-7F89-43AB-B14F-D0CF8FAF9200}.Debug Glut.ActiveCfg = Debug|Win32
		{F741A5B7-7F89-43AB-B14F-D0CF8FAF9200}.Debug Glut.Build.0 = Debug|Win32
		{F741A5B7-7F89-43AB-B14F-D0CF8FAF9200}.Release.ActiveCfg = Release|Win32
		{F741A5B7-7F89-43AB-B14F-D0CF8FAF9200}.Release.Build.0 = Release|Win32
		{F741A5B7-7F89-43AB-B14F-D0CF8FAF9200}.Release Glut.ActiveCfg = Release|Win32
		{F741A5B7-7F89-43AB-B14F-D0CF8FAF9200}.Release Glut.Build.0 = Release|Win32
		{048E15CC-C26A-4751-BF84-E3701D182D29}.Debug.ActiveCfg = Debug|Win32
		{048E15CC-C26A-4751-BF84-E3701D182D29}.Debug.Build.0 = Debug|Win32
		{048E15CC-C26A-4751-BF84-E3701D182D29}.Debug Glut.ActiveCfg = Debug|Win32
		{048E15CC-C26A-4751-BF84-E3701D182D29}.Debug Glut.Build.0 = Debug|Win32
		{048E15CC-C26A-4751-BF84-E3701D182D29}.Release.ActiveCfg = Release|Win32
		{048E15CC-C26A-4751-BF84-E3701D182D29}.Release.Build.0 = Release|Win32
		{048E15CC-C26A-4751-BF84-E3701D182D29}.Release Glut.ActiveCfg = Release|Win32
		{048E15CC-C26A-4751-BF84-E3701D182D29}.Release Glut.Build.0 = Release|Win32
		{A2A0F66F-0AD5-4ED6-A02E-BAB3CD8E9308}.Debug.ActiveCfg = Debug|Win32
		{A2A0F66F-0AD5-4ED6-A02E-BAB3CD8E9308}.Debug.Build.0 = Debug|Win32
		{A2A0F66F-0AD5-4ED6-A02E-BAB3CD8E9308}.Debug Glut.ActiveCfg = Debug|Win32
		{A2A0F66F-0AD5-4ED6-A02E-BAB3CD8E9308}.Debug Glut.Build.0 = Debug|Win32
		{A2A0F66F-0AD5-4ED6-A02E-BAB3CD8E9308}.Release.ActiveCfg = Release|Win32
		{A2A0F66F-0AD5-4ED6-A02E-BAB3CD8E9308}.Release.Build.0 = Release|Win32
		{A2A0F66F-0AD5-4ED6-A02E-BAB3CD8E9308}.Release Glut.ActiveCfg = Release|Win32
		{A2A0F66F-0AD5-4ED6-A02E-BAB3CD8E9308}.Release Glut.Build.0 = Release|Win32
		{1BD8B09E-5D04-4440-82D2-A2EE5EBCAB7E}.Debug.ActiveCfg = Debug|Win32
		{1BD8B09E-5D04-4440-82D2-A2EE5EBCAB7E}.Debug.Build.0 = Debug|Win32
		{1BD8B09E-5D04-4440-82D2-A2EE5EBCAB7E}.Debug Glut.ActiveCfg = Debug|Win32
		{1BD8B09E-5D04-4440-82D2-A2EE5EBCAB7E}.Debug Glut.Build.0 = Debug|Win32
		{1BD8B09E-5D04-4440-82D2-A2EE5EBCAB7E}.Release.ActiveCfg = Release|Win32
		{1BD8B09E-5D04-4440-82D2-A2EE5EBCAB7E}.Release.Build.0 = Release|Win32
		{1BD8B09E-5D04-4440-82D2-A2EE5EBCAB7E}.Release Glut.ActiveCfg = Release|Win32
		{1BD8B09E-5D04-4440-82D2-A2EE5EBCAB7E}.Release Glut.Build.0 = Release|Win32
		{A746A5CC-7A76-4233-9133-3FC343538621}.Debug.ActiveCfg = Debug|Win32
		{A746A5CC-7A76-4233-9133-3FC343538621}.Debug.Build.0 = Debug|Win32
		{A746A5CC-7A76-4233-9133-3FC343538621}.Debug Glut.ActiveCfg = Debug|Win32
		{A746A5CC-7A76-4233-9133-3FC343538621}.Debug Glut.Build.0 = Debug|Win32
		{A746A5CC-7A76-4233-9133-3FC343538621}.Release.ActiveCfg = Release|Win32
		{A746A5CC-7A76-4233-9133-3FC343538621}.Release.Build.0 = Release|Win32
		{A746A5CC-7A76-4233-9133-3FC343538621}.Release Glut.ActiveCfg = Release|Win32
		{A746A5CC-7A76-4233-9133-3FC343538621}.Release Glut.Build.0 = Release|Win32
	EndGlobalSection
	GlobalSection(ExtensibilityGlobals) = postSolution
	EndGlobalSection
	GlobalSection(ExtensibilityAddIns) = postSolution
	EndGlobalSection
EndGlobal
